// !$*UTF8*$!
{
	archiveVersion = 1;
	classes = {
	};
	objectVersion = 50;
	objects = {

/* Begin PBXBuildFile section */
		5B292C972192B6F600E87135 /* Settings.bundle in Resources */ = {isa = PBXBuildFile; fileRef = 5B292C962192B6F600E87135 /* Settings.bundle */; };
		5B2C8BAF218CB8520012661E /* AppDelegate.swift in Sources */ = {isa = PBXBuildFile; fileRef = 5B2C8BAE218CB8520012661E /* AppDelegate.swift */; };
		5B2C8BB1218CB8520012661E /* ViewController.swift in Sources */ = {isa = PBXBuildFile; fileRef = 5B2C8BB0218CB8520012661E /* ViewController.swift */; };
		5B2C8BB4218CB8520012661E /* Main.storyboard in Resources */ = {isa = PBXBuildFile; fileRef = 5B2C8BB2218CB8520012661E /* Main.storyboard */; };
		5B2C8BB6218CB8540012661E /* Assets.xcassets in Resources */ = {isa = PBXBuildFile; fileRef = 5B2C8BB5218CB8540012661E /* Assets.xcassets */; };
		5B2C8BB9218CB8540012661E /* LaunchScreen.storyboard in Resources */ = {isa = PBXBuildFile; fileRef = 5B2C8BB7218CB8540012661E /* LaunchScreen.storyboard */; };
		5B2C8BC1218CBDD80012661E /* Font.swift in Sources */ = {isa = PBXBuildFile; fileRef = 5B2C8BC0218CBDD80012661E /* Font.swift */; };
		5B40FF6E2195CB1A001F779A /* SettingsHandler.swift in Sources */ = {isa = PBXBuildFile; fileRef = 5B40FF6D2195CB1A001F779A /* SettingsHandler.swift */; };
		5B4224EF218ED37A0006AF10 /* SFProText-Semibold.ttf in Resources */ = {isa = PBXBuildFile; fileRef = 5B4224E8218ED37A0006AF10 /* SFProText-Semibold.ttf */; };
		5B4224F0218ED37A0006AF10 /* SFProText-Regular.ttf in Resources */ = {isa = PBXBuildFile; fileRef = 5B4224E9218ED37A0006AF10 /* SFProText-Regular.ttf */; };
		5B4224F1218ED37A0006AF10 /* SFProDisplay-Medium.ttf in Resources */ = {isa = PBXBuildFile; fileRef = 5B4224EA218ED37A0006AF10 /* SFProDisplay-Medium.ttf */; };
		5B4224F2218ED37A0006AF10 /* SFProDisplay-Regular.ttf in Resources */ = {isa = PBXBuildFile; fileRef = 5B4224EB218ED37A0006AF10 /* SFProDisplay-Regular.ttf */; };
		5B4224F3218ED37A0006AF10 /* SFProDisplay-Bold.ttf in Resources */ = {isa = PBXBuildFile; fileRef = 5B4224EC218ED37A0006AF10 /* SFProDisplay-Bold.ttf */; };
		5B4224F4218ED37A0006AF10 /* SFProText-Bold.ttf in Resources */ = {isa = PBXBuildFile; fileRef = 5B4224ED218ED37A0006AF10 /* SFProText-Bold.ttf */; };
		5B4224F5218ED37A0006AF10 /* SFProDisplay-Semibold.ttf in Resources */ = {isa = PBXBuildFile; fileRef = 5B4224EE218ED37A0006AF10 /* SFProDisplay-Semibold.ttf */; };
/* End PBXBuildFile section */

/* Begin PBXFileReference section */
		5B292C962192B6F600E87135 /* Settings.bundle */ = {isa = PBXFileReference; lastKnownFileType = "wrapper.plug-in"; path = Settings.bundle; sourceTree = "<group>"; };
		5B2C8BAB218CB8520012661E /* LKFontLibrary.app */ = {isa = PBXFileReference; explicitFileType = wrapper.application; includeInIndex = 0; path = LKFontLibrary.app; sourceTree = BUILT_PRODUCTS_DIR; };
		5B2C8BAE218CB8520012661E /* AppDelegate.swift */ = {isa = PBXFileReference; lastKnownFileType = sourcecode.swift; path = AppDelegate.swift; sourceTree = "<group>"; };
		5B2C8BB0218CB8520012661E /* ViewController.swift */ = {isa = PBXFileReference; lastKnownFileType = sourcecode.swift; path = ViewController.swift; sourceTree = "<group>"; };
		5B2C8BB3218CB8520012661E /* Base */ = {isa = PBXFileReference; lastKnownFileType = file.storyboard; name = Base; path = Base.lproj/Main.storyboard; sourceTree = "<group>"; };
		5B2C8BB5218CB8540012661E /* Assets.xcassets */ = {isa = PBXFileReference; lastKnownFileType = folder.assetcatalog; path = Assets.xcassets; sourceTree = "<group>"; };
		5B2C8BB8218CB8540012661E /* Base */ = {isa = PBXFileReference; lastKnownFileType = file.storyboard; name = Base; path = Base.lproj/LaunchScreen.storyboard; sourceTree = "<group>"; };
		5B2C8BBA218CB8540012661E /* Info.plist */ = {isa = PBXFileReference; lastKnownFileType = text.plist.xml; path = Info.plist; sourceTree = "<group>"; };
		5B2C8BC0218CBDD80012661E /* Font.swift */ = {isa = PBXFileReference; lastKnownFileType = sourcecode.swift; path = Font.swift; sourceTree = "<group>"; };
		5B40FF6D2195CB1A001F779A /* SettingsHandler.swift */ = {isa = PBXFileReference; lastKnownFileType = sourcecode.swift; path = SettingsHandler.swift; sourceTree = "<group>"; };
		5B4224E8218ED37A0006AF10 /* SFProText-Semibold.ttf */ = {isa = PBXFileReference; lastKnownFileType = file; path = "SFProText-Semibold.ttf"; sourceTree = "<group>"; };
		5B4224E9218ED37A0006AF10 /* SFProText-Regular.ttf */ = {isa = PBXFileReference; lastKnownFileType = file; path = "SFProText-Regular.ttf"; sourceTree = "<group>"; };
		5B4224EA218ED37A0006AF10 /* SFProDisplay-Medium.ttf */ = {isa = PBXFileReference; lastKnownFileType = file; path = "SFProDisplay-Medium.ttf"; sourceTree = "<group>"; };
		5B4224EB218ED37A0006AF10 /* SFProDisplay-Regular.ttf */ = {isa = PBXFileReference; lastKnownFileType = file; path = "SFProDisplay-Regular.ttf"; sourceTree = "<group>"; };
		5B4224EC218ED37A0006AF10 /* SFProDisplay-Bold.ttf */ = {isa = PBXFileReference; lastKnownFileType = file; path = "SFProDisplay-Bold.ttf"; sourceTree = "<group>"; };
		5B4224ED218ED37A0006AF10 /* SFProText-Bold.ttf */ = {isa = PBXFileReference; lastKnownFileType = file; path = "SFProText-Bold.ttf"; sourceTree = "<group>"; };
		5B4224EE218ED37A0006AF10 /* SFProDisplay-Semibold.ttf */ = {isa = PBXFileReference; lastKnownFileType = file; path = "SFProDisplay-Semibold.ttf"; sourceTree = "<group>"; };
/* End PBXFileReference section */

/* Begin PBXFrameworksBuildPhase section */
		5B2C8BA8218CB8520012661E /* Frameworks */ = {
			isa = PBXFrameworksBuildPhase;
			buildActionMask = 2147483647;
			files = (
			);
			runOnlyForDeploymentPostprocessing = 0;
		};
/* End PBXFrameworksBuildPhase section */

/* Begin PBXGroup section */
		5B2C8BA2218CB8520012661E = {
			isa = PBXGroup;
			children = (
				5B2C8BAD218CB8520012661E /* LKFontLibrary */,
				5B2C8BAC218CB8520012661E /* Products */,
			);
			sourceTree = "<group>";
		};
		5B2C8BAC218CB8520012661E /* Products */ = {
			isa = PBXGroup;
			children = (
				5B2C8BAB218CB8520012661E /* LKFontLibrary.app */,
			);
			name = Products;
			sourceTree = "<group>";
		};
		5B2C8BAD218CB8520012661E /* LKFontLibrary */ = {
			isa = PBXGroup;
			children = (
				5B292C962192B6F600E87135 /* Settings.bundle */,
				5B4224E7218ED37A0006AF10 /* Fonts */,
				5B2C8BC0218CBDD80012661E /* Font.swift */,
				5B2C8BAE218CB8520012661E /* AppDelegate.swift */,
				5B2C8BB0218CB8520012661E /* ViewController.swift */,
				5B40FF6D2195CB1A001F779A /* SettingsHandler.swift */,
				5B2C8BB2218CB8520012661E /* Main.storyboard */,
				5B2C8BB5218CB8540012661E /* Assets.xcassets */,
				5B2C8BB7218CB8540012661E /* LaunchScreen.storyboard */,
				5B2C8BBA218CB8540012661E /* Info.plist */,
			);
			path = LKFontLibrary;
			sourceTree = "<group>";
		};
		5B4224E7218ED37A0006AF10 /* Fonts */ = {
			isa = PBXGroup;
			children = (
				5B4224E8218ED37A0006AF10 /* SFProText-Semibold.ttf */,
				5B4224E9218ED37A0006AF10 /* SFProText-Regular.ttf */,
				5B4224EA218ED37A0006AF10 /* SFProDisplay-Medium.ttf */,
				5B4224EB218ED37A0006AF10 /* SFProDisplay-Regular.ttf */,
				5B4224EC218ED37A0006AF10 /* SFProDisplay-Bold.ttf */,
				5B4224ED218ED37A0006AF10 /* SFProText-Bold.ttf */,
				5B4224EE218ED37A0006AF10 /* SFProDisplay-Semibold.ttf */,
			);
			path = Fonts;
			sourceTree = "<group>";
		};
/* End PBXGroup section */

/* Begin PBXNativeTarget section */
		5B2C8BAA218CB8520012661E /* LKFontLibrary */ = {
			isa = PBXNativeTarget;
			buildConfigurationList = 5B2C8BBD218CB8540012661E /* Build configuration list for PBXNativeTarget "LKFontLibrary" */;
			buildPhases = (
				5B2C8BA7218CB8520012661E /* Sources */,
				5B2C8BA8218CB8520012661E /* Frameworks */,
				5B2C8BA9218CB8520012661E /* Resources */,
			);
			buildRules = (
			);
			dependencies = (
			);
			name = LKFontLibrary;
			productName = LKFontLibrary;
			productReference = 5B2C8BAB218CB8520012661E /* LKFontLibrary.app */;
			productType = "com.apple.product-type.application";
		};
/* End PBXNativeTarget section */

/* Begin PBXProject section */
		5B2C8BA3218CB8520012661E /* Project object */ = {
			isa = PBXProject;
			attributes = {
				LastSwiftUpdateCheck = 1010;
				LastUpgradeCheck = 1010;
				ORGANIZATIONNAME = abnboys;
				TargetAttributes = {
					5B2C8BAA218CB8520012661E = {
						CreatedOnToolsVersion = 10.1;
					};
				};
			};
			buildConfigurationList = 5B2C8BA6218CB8520012661E /* Build configuration list for PBXProject "LKFontLibrary" */;
			compatibilityVersion = "Xcode 9.3";
			developmentRegion = en;
			hasScannedForEncodings = 0;
			knownRegions = (
				en,
				Base,
			);
			mainGroup = 5B2C8BA2218CB8520012661E;
			productRefGroup = 5B2C8BAC218CB8520012661E /* Products */;
			projectDirPath = "";
			projectRoot = "";
			targets = (
				5B2C8BAA218CB8520012661E /* LKFontLibrary */,
			);
		};
/* End PBXProject section */

/* Begin PBXResourcesBuildPhase section */
		5B2C8BA9218CB8520012661E /* Resources */ = {
			isa = PBXResourcesBuildPhase;
			buildActionMask = 2147483647;
			files = (
				5B2C8BB9218CB8540012661E /* LaunchScreen.storyboard in Resources */,
				5B4224EF218ED37A0006AF10 /* SFProText-Semibold.ttf in Resources */,
				5B2C8BB6218CB8540012661E /* Assets.xcassets in Resources */,
				5B4224F5218ED37A0006AF10 /* SFProDisplay-Semibold.ttf in Resources */,
				5B4224F2218ED37A0006AF10 /* SFProDisplay-Regular.ttf in Resources */,
				5B4224F0218ED37A0006AF10 /* SFProText-Regular.ttf in Resources */,
				5B2C8BB4218CB8520012661E /* Main.storyboard in Resources */,
				5B4224F1218ED37A0006AF10 /* SFProDisplay-Medium.ttf in Resources */,
				5B4224F4218ED37A0006AF10 /* SFProText-Bold.ttf in Resources */,
				5B292C972192B6F600E87135 /* Settings.bundle in Resources */,
				5B4224F3218ED37A0006AF10 /* SFProDisplay-Bold.ttf in Resources */,
			);
			runOnlyForDeploymentPostprocessing = 0;
		};
/* End PBXResourcesBuildPhase section */

/* Begin PBXSourcesBuildPhase section */
		5B2C8BA7218CB8520012661E /* Sources */ = {
			isa = PBXSourcesBuildPhase;
			buildActionMask = 2147483647;
			files = (
				5B2C8BB1218CB8520012661E /* ViewController.swift in Sources */,
				5B2C8BAF218CB8520012661E /* AppDelegate.swift in Sources */,
				5B2C8BC1218CBDD80012661E /* Font.swift in Sources */,
				5B40FF6E2195CB1A001F779A /* SettingsHandler.swift in Sources */,
			);
			runOnlyForDeploymentPostprocessing = 0;
		};
/* End PBXSourcesBuildPhase section */

/* Begin PBXVariantGroup section */
		5B2C8BB2218CB8520012661E /* Main.storyboard */ = {
			isa = PBXVariantGroup;
			children = (
				5B2C8BB3218CB8520012661E /* Base */,
			);
			name = Main.storyboard;
			sourceTree = "<group>";
		};
		5B2C8BB7218CB8540012661E /* LaunchScreen.storyboard */ = {
			isa = PBXVariantGroup;
			children = (
				5B2C8BB8218CB8540012661E /* Base */,
			);
			name = LaunchScreen.storyboard;
			sourceTree = "<group>";
		};
/* End PBXVariantGroup section */

/* Begin XCBuildConfiguration section */
		5B2C8BBB218CB8540012661E /* Debug */ = {
			isa = XCBuildConfiguration;
			buildSettings = {
				ALWAYS_SEARCH_USER_PATHS = NO;
				CLANG_ANALYZER_NONNULL = YES;
				CLANG_ANALYZER_NUMBER_OBJECT_CONVERSION = YES_AGGRESSIVE;
				CLANG_CXX_LANGUAGE_STANDARD = "gnu++14";
				CLANG_CXX_LIBRARY = "libc++";
				CLANG_ENABLE_MODULES = YES;
				CLANG_ENABLE_OBJC_ARC = YES;
				CLANG_ENABLE_OBJC_WEAK = YES;
				CLANG_WARN_BLOCK_CAPTURE_AUTORELEASING = YES;
				CLANG_WARN_BOOL_CONVERSION = YES;
				CLANG_WARN_COMMA = YES;
				CLANG_WARN_CONSTANT_CONVERSION = YES;
				CLANG_WARN_DEPRECATED_OBJC_IMPLEMENTATIONS = YES;
				CLANG_WARN_DIRECT_OBJC_ISA_USAGE = YES_ERROR;
				CLANG_WARN_DOCUMENTATION_COMMENTS = YES;
				CLANG_WARN_EMPTY_BODY = YES;
				CLANG_WARN_ENUM_CONVERSION = YES;
				CLANG_WARN_INFINITE_RECURSION = YES;
				CLANG_WARN_INT_CONVERSION = YES;
				CLANG_WARN_NON_LITERAL_NULL_CONVERSION = YES;
				CLANG_WARN_OBJC_IMPLICIT_RETAIN_SELF = YES;
				CLANG_WARN_OBJC_LITERAL_CONVERSION = YES;
				CLANG_WARN_OBJC_ROOT_CLASS = YES_ERROR;
				CLANG_WARN_RANGE_LOOP_ANALYSIS = YES;
				CLANG_WARN_STRICT_PROTOTYPES = YES;
				CLANG_WARN_SUSPICIOUS_MOVE = YES;
				CLANG_WARN_UNGUARDED_AVAILABILITY = YES_AGGRESSIVE;
				CLANG_WARN_UNREACHABLE_CODE = YES;
				CLANG_WARN__DUPLICATE_METHOD_MATCH = YES;
				CODE_SIGN_IDENTITY = "iPhone Developer";
				COPY_PHASE_STRIP = NO;
				DEBUG_INFORMATION_FORMAT = dwarf;
				ENABLE_STRICT_OBJC_MSGSEND = YES;
				ENABLE_TESTABILITY = YES;
				GCC_C_LANGUAGE_STANDARD = gnu11;
				GCC_DYNAMIC_NO_PIC = NO;
				GCC_NO_COMMON_BLOCKS = YES;
				GCC_OPTIMIZATION_LEVEL = 0;
				GCC_PREPROCESSOR_DEFINITIONS = (
					"DEBUG=1",
					"$(inherited)",
				);
				GCC_WARN_64_TO_32_BIT_CONVERSION = YES;
				GCC_WARN_ABOUT_RETURN_TYPE = YES_ERROR;
				GCC_WARN_UNDECLARED_SELECTOR = YES;
				GCC_WARN_UNINITIALIZED_AUTOS = YES_AGGRESSIVE;
				GCC_WARN_UNUSED_FUNCTION = YES;
				GCC_WARN_UNUSED_VARIABLE = YES;
				IPHONEOS_DEPLOYMENT_TARGET = 12.1;
				MTL_ENABLE_DEBUG_INFO = INCLUDE_SOURCE;
				MTL_FAST_MATH = YES;
				ONLY_ACTIVE_ARCH = YES;
				SDKROOT = iphoneos;
				SWIFT_ACTIVE_COMPILATION_CONDITIONS = DEBUG;
				SWIFT_OPTIMIZATION_LEVEL = "-Onone";
			};
			name = Debug;
		};
		5B2C8BBC218CB8540012661E /* Release */ = {
			isa = XCBuildConfiguration;
			buildSettings = {
				ALWAYS_SEARCH_USER_PATHS = NO;
				CLANG_ANALYZER_NONNULL = YES;
				CLANG_ANALYZER_NUMBER_OBJECT_CONVERSION = YES_AGGRESSIVE;
				CLANG_CXX_LANGUAGE_STANDARD = "gnu++14";
				CLANG_CXX_LIBRARY = "libc++";
				CLANG_ENABLE_MODULES = YES;
				CLANG_ENABLE_OBJC_ARC = YES;
				CLANG_ENABLE_OBJC_WEAK = YES;
				CLANG_WARN_BLOCK_CAPTURE_AUTORELEASING = YES;
				CLANG_WARN_BOOL_CONVERSION = YES;
				CLANG_WARN_COMMA = YES;
				CLANG_WARN_CONSTANT_CONVERSION = YES;
				CLANG_WARN_DEPRECATED_OBJC_IMPLEMENTATIONS = YES;
				CLANG_WARN_DIRECT_OBJC_ISA_USAGE = YES_ERROR;
				CLANG_WARN_DOCUMENTATION_COMMENTS = YES;
				CLANG_WARN_EMPTY_BODY = YES;
				CLANG_WARN_ENUM_CONVERSION = YES;
				CLANG_WARN_INFINITE_RECURSION = YES;
				CLANG_WARN_INT_CONVERSION = YES;
				CLANG_WARN_NON_LITERAL_NULL_CONVERSION = YES;
				CLANG_WARN_OBJC_IMPLICIT_RETAIN_SELF = YES;
				CLANG_WARN_OBJC_LITERAL_CONVERSION = YES;
				CLANG_WARN_OBJC_ROOT_CLASS = YES_ERROR;
				CLANG_WARN_RANGE_LOOP_ANALYSIS = YES;
				CLANG_WARN_STRICT_PROTOTYPES = YES;
				CLANG_WARN_SUSPICIOUS_MOVE = YES;
				CLANG_WARN_UNGUARDED_AVAILABILITY = YES_AGGRESSIVE;
				CLANG_WARN_UNREACHABLE_CODE = YES;
				CLANG_WARN__DUPLICATE_METHOD_MATCH = YES;
				CODE_SIGN_IDENTITY = "iPhone Developer";
				COPY_PHASE_STRIP = NO;
				DEBUG_INFORMATION_FORMAT = "dwarf-with-dsym";
				ENABLE_NS_ASSERTIONS = NO;
				ENABLE_STRICT_OBJC_MSGSEND = YES;
				GCC_C_LANGUAGE_STANDARD = gnu11;
				GCC_NO_COMMON_BLOCKS = YES;
				GCC_WARN_64_TO_32_BIT_CONVERSION = YES;
				GCC_WARN_ABOUT_RETURN_TYPE = YES_ERROR;
				GCC_WARN_UNDECLARED_SELECTOR = YES;
				GCC_WARN_UNINITIALIZED_AUTOS = YES_AGGRESSIVE;
				GCC_WARN_UNUSED_FUNCTION = YES;
				GCC_WARN_UNUSED_VARIABLE = YES;
				IPHONEOS_DEPLOYMENT_TARGET = 12.1;
				MTL_ENABLE_DEBUG_INFO = NO;
				MTL_FAST_MATH = YES;
				SDKROOT = iphoneos;
				SWIFT_COMPILATION_MODE = wholemodule;
				SWIFT_OPTIMIZATION_LEVEL = "-O";
				VALIDATE_PRODUCT = YES;
			};
			name = Release;
		};
		5B2C8BBE218CB8540012661E /* Debug */ = {
			isa = XCBuildConfiguration;
			buildSettings = {
				ASSETCATALOG_COMPILER_APPICON_NAME = AppIcon;
				CODE_SIGN_STYLE = Automatic;
				INFOPLIST_FILE = LKFontLibrary/Info.plist;
				LD_RUNPATH_SEARCH_PATHS = (
					"$(inherited)",
					"@executable_path/Frameworks",
				);
				PRODUCT_BUNDLE_IDENTIFIER = abn.LKFontLibrary;
				PRODUCT_NAME = "$(TARGET_NAME)";
				SWIFT_VERSION = 4.2;
				TARGETED_DEVICE_FAMILY = "1,2";
			};
			name = Debug;
		};
		5B2C8BBF218CB8540012661E /* Release */ = {
			isa = XCBuildConfiguration;
			buildSettings = {
				ASSETCATALOG_COMPILER_APPICON_NAME = AppIcon;
				CODE_SIGN_STYLE = Automatic;
				INFOPLIST_FILE = LKFontLibrary/Info.plist;
				LD_RUNPATH_SEARCH_PATHS = (
					"$(inherited)",
					"@executable_path/Frameworks",
				);
				PRODUCT_BUNDLE_IDENTIFIER = abn.LKFontLibrary;
				PRODUCT_NAME = "$(TARGET_NAME)";
				SWIFT_VERSION = 4.2;
				TARGETED_DEVICE_FAMILY = "1,2";
			};
			name = Release;
		};
/* End XCBuildConfiguration section */

/* Begin XCConfigurationList section */
		5B2C8BA6218CB8520012661E /* Build configuration list for PBXProject "LKFontLibrary" */ = {
			isa = XCConfigurationList;
			buildConfigurations = (
				5B2C8BBB218CB8540012661E /* Debug */,
				5B2C8BBC218CB8540012661E /* Release */,
			);
			defaultConfigurationIsVisible = 0;
			defaultConfigurationName = Release;
		};
		5B2C8BBD218CB8540012661E /* Build configuration list for PBXNativeTarget "LKFontLibrary" */ = {
			isa = XCConfigurationList;
			buildConfigurations = (
				5B2C8BBE218CB8540012661E /* Debug */,
				5B2C8BBF218CB8540012661E /* Release */,
			);
			defaultConfigurationIsVisible = 0;
			defaultConfigurationName = Release;
		};
/* End XCConfigurationList section */
	};
	rootObject = 5B2C8BA3218CB8520012661E /* Project object */;
}
